{
  "name": "skill-building",
  "version": "1.0.0",
  "lockfileVersion": 1,
  "requires": true,
  "dependencies": {
    "@tsconfig/node18": {
      "version": "2.0.1",
      "resolved": "https://registry.npmjs.org/@tsconfig/node18/-/node18-2.0.1.tgz",
      "integrity": "sha512-UqdfvuJK0SArA2CxhKWwwAWfnVSXiYe63bVpMutc27vpngCntGUZQETO24pEJ46zU6XM+7SpqYoMgcO3bM11Ew=="
    },
    "@types/node": {
      "version": "20.2.0",
      "resolved": "https://registry.npmjs.org/@types/node/-/node-20.2.0.tgz",
      "integrity": "sha512-3iD2jaCCziTx04uudpJKwe39QxXgSUnpxXSvRQjRvHPxFQfmfP4NXIm/NURVeNlTCc+ru4WqjYGTmpXrW9uMlw=="
    },
    "typescript": {
      "version": "5.0.4",
      "resolved": "https://registry.npmjs.org/typescript/-/typescript-5.0.4.tgz",
      "integrity": "sha512-cW9T5W9xY37cc+jfEnaUvX91foxtHkza3Nw3wkoF4sSlKn0MONdkdEndig/qPBWXNkmplh3NzayQzCiHM4/hqw=="
    }
  }
}
